
Microsoft Visual Studio Solution File, Format Version 12.00
# Visual Studio Version 17
VisualStudioVersion = 17.5.33516.290
MinimumVisualStudioVersion = 10.0.40219.1
Project("{FAE04EC0-301F-11D3-BF4B-00C04F79EFBC}") = "Desktop_01_3961", "Desktop_01_3961\Desktop_01_3961.csproj", "{B9CAFAC9-8C9B-41AC-8AB7-03B55E56E5CE}"
EndProject
Global
	GlobalSection(SolutionConfigurationPlatforms) = preSolution
		Debug|Any CPU = Debug|Any CPU
		Release|Any CPU = Release|Any CPU
	EndGlobalSection
	GlobalSection(ProjectConfigurationPlatforms) = postSolution
		{B9CAFAC9-8C9B-41AC-8AB7-03B55E56E5CE}.Debug|Any CPU.ActiveCfg = Debug|Any CPU
		{B9CAFAC9-8C9B-41AC-8AB7-03B55E56E5CE}.Debug|Any CPU.Build.0 = Debug|Any CPU
		{B9CAFAC9-8C9B-41AC-8AB7-03B55E56E5CE}.Release|Any CPU.ActiveCfg = Release|Any CPU
		{B9CAFAC9-8C9B-41AC-8AB7-03B55E56E5CE}.Release|Any CPU.Build.0 = Release|Any CPU
	EndGlobalSection
	GlobalSection(SolutionProperties) = preSolution
		HideSolutionNode = FALSE
	EndGlobalSection
	GlobalSection(ExtensibilityGlobals) = postSolution
		SolutionGuid = {4EF59A01-6D44-41E6-A344-84BEF14CBAEC}
	EndGlobalSection
EndGlobal
